
Microsoft Visual Studio Solution File, Format Version 11.00
# Visual Studio 2010
Project("{FAE04EC0-301F-11D3-BF4B-00C04F79EFBC}") = "RavenTree", "RavenTree\RavenTree.csproj", "{CF6BE264-8E22-4AF8-90C7-7E9FC9F769B6}"
EndProject
Global
	GlobalSection(SolutionConfigurationPlatforms) = preSolution
		Debug|Any CPU = Debug|Any CPU
		Release|Any CPU = Release|Any CPU
	EndGlobalSection
	GlobalSection(ProjectConfigurationPlatforms) = postSolution
		{CF6BE264-8E22-4AF8-90C7-7E9FC9F769B6}.Debug|Any CPU.ActiveCfg = Debug|Any CPU
		{CF6BE264-8E22-4AF8-90C7-7E9FC9F769B6}.Debug|Any CPU.Build.0 = Debug|Any CPU
		{CF6BE264-8E22-4AF8-90C7-7E9FC9F769B6}.Release|Any CPU.ActiveCfg = Release|Any CPU
		{CF6BE264-8E22-4AF8-90C7-7E9FC9F769B6}.Release|Any CPU.Build.0 = Release|Any CPU
	EndGlobalSection
	GlobalSection(SolutionProperties) = preSolution
		HideSolutionNode = FALSE
	EndGlobalSection
EndGlobal
